// !$*UTF8*$!
{
	archiveVersion = 1;
	classes = {
	};
	objectVersion = 46;
	objects = {

/* Begin PBXBuildFile section */
		C9B75B231F07DFFC00307944 /* AppDelegate.swift in Sources */ = {isa = PBXBuildFile; fileRef = C9B75B221F07DFFC00307944 /* AppDelegate.swift */; };
		C9B75B2A1F07DFFC00307944 /* Assets.xcassets in Resources */ = {isa = PBXBuildFile; fileRef = C9B75B291F07DFFC00307944 /* Assets.xcassets */; };
		C9B75B2D1F07DFFC00307944 /* LaunchScreen.storyboard in Resources */ = {isa = PBXBuildFile; fileRef = C9B75B2B1F07DFFC00307944 /* LaunchScreen.storyboard */; };
		C9F0ED191F09EC55003443C9 /* Extensions.swift in Sources */ = {isa = PBXBuildFile; fileRef = C9F0ED181F09EC55003443C9 /* Extensions.swift */; };
		C9F0ED1D1F09ED1E003443C9 /* VideoCell.swift in Sources */ = {isa = PBXBuildFile; fileRef = C9F0ED1C1F09ED1E003443C9 /* VideoCell.swift */; };
		C9F0ED1F1F09ED63003443C9 /* HomeController.swift in Sources */ = {isa = PBXBuildFile; fileRef = C9F0ED1E1F09ED63003443C9 /* HomeController.swift */; };
		C9F0ED211F09F2FF003443C9 /* MenuBar.swift in Sources */ = {isa = PBXBuildFile; fileRef = C9F0ED201F09F2FF003443C9 /* MenuBar.swift */; };
		C9F0ED241F0A1419003443C9 /* Video.swift in Sources */ = {isa = PBXBuildFile; fileRef = C9F0ED231F0A1419003443C9 /* Video.swift */; };
		C9F0ED281F0A22E6003443C9 /* Channel.swift in Sources */ = {isa = PBXBuildFile; fileRef = C9F0ED271F0A22E6003443C9 /* Channel.swift */; };
/* End PBXBuildFile section */

/* Begin PBXFileReference section */
		C9B75B1F1F07DFFC00307944 /* YouTube.app */ = {isa = PBXFileReference; explicitFileType = wrapper.application; includeInIndex = 0; path = YouTube.app; sourceTree = BUILT_PRODUCTS_DIR; };
		C9B75B221F07DFFC00307944 /* AppDelegate.swift */ = {isa = PBXFileReference; lastKnownFileType = sourcecode.swift; path = AppDelegate.swift; sourceTree = "<group>"; };
		C9B75B291F07DFFC00307944 /* Assets.xcassets */ = {isa = PBXFileReference; lastKnownFileType = folder.assetcatalog; path = Assets.xcassets; sourceTree = "<group>"; };
		C9B75B2C1F07DFFC00307944 /* Base */ = {isa = PBXFileReference; lastKnownFileType = file.storyboard; name = Base; path = Base.lproj/LaunchScreen.storyboard; sourceTree = "<group>"; };
		C9B75B2E1F07DFFC00307944 /* Info.plist */ = {isa = PBXFileReference; lastKnownFileType = text.plist.xml; path = Info.plist; sourceTree = "<group>"; };
		C9F0ED181F09EC55003443C9 /* Extensions.swift */ = {isa = PBXFileReference; fileEncoding = 4; lastKnownFileType = sourcecode.swift; name = Extensions.swift; path = Helpers/Extensions.swift; sourceTree = "<group>"; };
		C9F0ED1C1F09ED1E003443C9 /* VideoCell.swift */ = {isa = PBXFileReference; fileEncoding = 4; lastKnownFileType = sourcecode.swift; name = VideoCell.swift; path = Views/VideoCell.swift; sourceTree = "<group>"; };
		C9F0ED1E1F09ED63003443C9 /* HomeController.swift */ = {isa = PBXFileReference; fileEncoding = 4; lastKnownFileType = sourcecode.swift; name = HomeController.swift; path = Controllers/HomeController.swift; sourceTree = "<group>"; };
		C9F0ED201F09F2FF003443C9 /* MenuBar.swift */ = {isa = PBXFileReference; fileEncoding = 4; lastKnownFileType = sourcecode.swift; name = MenuBar.swift; path = Views/MenuBar.swift; sourceTree = "<group>"; };
		C9F0ED231F0A1419003443C9 /* Video.swift */ = {isa = PBXFileReference; fileEncoding = 4; lastKnownFileType = sourcecode.swift; name = Video.swift; path = Models/Video.swift; sourceTree = "<group>"; };
		C9F0ED271F0A22E6003443C9 /* Channel.swift */ = {isa = PBXFileReference; fileEncoding = 4; lastKnownFileType = sourcecode.swift; name = Channel.swift; path = Models/Channel.swift; sourceTree = "<group>"; };
/* End PBXFileReference section */

/* Begin PBXFrameworksBuildPhase section */
		C9B75B1C1F07DFFC00307944 /* Frameworks */ = {
			isa = PBXFrameworksBuildPhase;
			buildActionMask = 2147483647;
			files = (
			);
			runOnlyForDeploymentPostprocessing = 0;
		};
/* End PBXFrameworksBuildPhase section */

/* Begin PBXGroup section */
		C9B75B161F07DFFC00307944 = {
			isa = PBXGroup;
			children = (
				C9B75B211F07DFFC00307944 /* YouTube */,
				C9B75B201F07DFFC00307944 /* Products */,
			);
			sourceTree = "<group>";
		};
		C9B75B201F07DFFC00307944 /* Products */ = {
			isa = PBXGroup;
			children = (
				C9B75B1F1F07DFFC00307944 /* YouTube.app */,
			);
			name = Products;
			sourceTree = "<group>";
		};
		C9B75B211F07DFFC00307944 /* YouTube */ = {
			isa = PBXGroup;
			children = (
				C9F0ED221F0A13E4003443C9 /* Models */,
				C9F0ED1A1F09ECF7003443C9 /* Views */,
				C9F0ED1B1F09ECFD003443C9 /* Controllers */,
				C9F0ED171F09EC2B003443C9 /* Helpers */,
				C9B75B221F07DFFC00307944 /* AppDelegate.swift */,
				C9B75B291F07DFFC00307944 /* Assets.xcassets */,
				C9B75B2B1F07DFFC00307944 /* LaunchScreen.storyboard */,
				C9B75B2E1F07DFFC00307944 /* Info.plist */,
			);
			path = YouTube;
			sourceTree = "<group>";
		};
		C9F0ED171F09EC2B003443C9 /* Helpers */ = {
			isa = PBXGroup;
			children = (
				C9F0ED181F09EC55003443C9 /* Extensions.swift */,
			);
			name = Helpers;
			sourceTree = "<group>";
		};
		C9F0ED1A1F09ECF7003443C9 /* Views */ = {
			isa = PBXGroup;
			children = (
				C9F0ED1C1F09ED1E003443C9 /* VideoCell.swift */,
				C9F0ED201F09F2FF003443C9 /* MenuBar.swift */,
			);
			name = Views;
			sourceTree = "<group>";
		};
		C9F0ED1B1F09ECFD003443C9 /* Controllers */ = {
			isa = PBXGroup;
			children = (
				C9F0ED1E1F09ED63003443C9 /* HomeController.swift */,
			);
			name = Controllers;
			sourceTree = "<group>";
		};
		C9F0ED221F0A13E4003443C9 /* Models */ = {
			isa = PBXGroup;
			children = (
				C9F0ED231F0A1419003443C9 /* Video.swift */,
				C9F0ED271F0A22E6003443C9 /* Channel.swift */,
			);
			name = Models;
			sourceTree = "<group>";
		};
/* End PBXGroup section */

/* Begin PBXNativeTarget section */
		C9B75B1E1F07DFFC00307944 /* YouTube */ = {
			isa = PBXNativeTarget;
			buildConfigurationList = C9B75B311F07DFFC00307944 /* Build configuration list for PBXNativeTarget "YouTube" */;
			buildPhases = (
				C9B75B1B1F07DFFC00307944 /* Sources */,
				C9B75B1C1F07DFFC00307944 /* Frameworks */,
				C9B75B1D1F07DFFC00307944 /* Resources */,
			);
			buildRules = (
			);
			dependencies = (
			);
			name = YouTube;
			productName = YouTube;
			productReference = C9B75B1F1F07DFFC00307944 /* YouTube.app */;
			productType = "com.apple.product-type.application";
		};
/* End PBXNativeTarget section */

/* Begin PBXProject section */
		C9B75B171F07DFFC00307944 /* Project object */ = {
			isa = PBXProject;
			attributes = {
				LastSwiftUpdateCheck = 0830;
				LastUpgradeCheck = 0830;
				ORGANIZATIONNAME = Bizersoft;
				TargetAttributes = {
					C9B75B1E1F07DFFC00307944 = {
						CreatedOnToolsVersion = 8.3.3;
						ProvisioningStyle = Automatic;
					};
				};
			};
			buildConfigurationList = C9B75B1A1F07DFFC00307944 /* Build configuration list for PBXProject "YouTube" */;
			compatibilityVersion = "Xcode 3.2";
			developmentRegion = English;
			hasScannedForEncodings = 0;
			knownRegions = (
				en,
				Base,
			);
			mainGroup = C9B75B161F07DFFC00307944;
			productRefGroup = C9B75B201F07DFFC00307944 /* Products */;
			projectDirPath = "";
			projectRoot = "";
			targets = (
				C9B75B1E1F07DFFC00307944 /* YouTube */,
			);
		};
/* End PBXProject section */

/* Begin PBXResourcesBuildPhase section */
		C9B75B1D1F07DFFC00307944 /* Resources */ = {
			isa = PBXResourcesBuildPhase;
			buildActionMask = 2147483647;
			files = (
				C9B75B2D1F07DFFC00307944 /* LaunchScreen.storyboard in Resources */,
				C9B75B2A1F07DFFC00307944 /* Assets.xcassets in Resources */,
			);
			runOnlyForDeploymentPostprocessing = 0;
		};
/* End PBXResourcesBuildPhase section */

/* Begin PBXSourcesBuildPhase section */
		C9B75B1B1F07DFFC00307944 /* Sources */ = {
			isa = PBXSourcesBuildPhase;
			buildActionMask = 2147483647;
			files = (
				C9F0ED281F0A22E6003443C9 /* Channel.swift in Sources */,
				C9F0ED1D1F09ED1E003443C9 /* VideoCell.swift in Sources */,
				C9F0ED241F0A1419003443C9 /* Video.swift in Sources */,
				C9F0ED191F09EC55003443C9 /* Extensions.swift in Sources */,
				C9B75B231F07DFFC00307944 /* AppDelegate.swift in Sources */,
				C9F0ED1F1F09ED63003443C9 /* HomeController.swift in Sources */,
				C9F0ED211F09F2FF003443C9 /* MenuBar.swift in Sources */,
			);
			runOnlyForDeploymentPostprocessing = 0;
		};
/* End PBXSourcesBuildPhase section */

/* Begin PBXVariantGroup section */
		C9B75B2B1F07DFFC00307944 /* LaunchScreen.storyboard */ = {
			isa = PBXVariantGroup;
			children = (
				C9B75B2C1F07DFFC00307944 /* Base */,
			);
			name = LaunchScreen.storyboard;
			sourceTree = "<group>";
		};
/* End PBXVariantGroup section */

/* Begin XCBuildConfiguration section */
		C9B75B2F1F07DFFC00307944 /* Debug */ = {
			isa = XCBuildConfiguration;
			buildSettings = {
				ALWAYS_SEARCH_USER_PATHS = NO;
				CLANG_ANALYZER_NONNULL = YES;
				CLANG_ANALYZER_NUMBER_OBJECT_CONVERSION = YES_AGGRESSIVE;
				CLANG_CXX_LANGUAGE_STANDARD = "gnu++0x";
				CLANG_CXX_LIBRARY = "libc++";
				CLANG_ENABLE_MODULES = YES;
				CLANG_ENABLE_OBJC_ARC = YES;
				CLANG_WARN_BOOL_CONVERSION = YES;
				CLANG_WARN_CONSTANT_CONVERSION = YES;
				CLANG_WARN_DIRECT_OBJC_ISA_USAGE = YES_ERROR;
				CLANG_WARN_DOCUMENTATION_COMMENTS = YES;
				CLANG_WARN_EMPTY_BODY = YES;
				CLANG_WARN_ENUM_CONVERSION = YES;
				CLANG_WARN_INFINITE_RECURSION = YES;
				CLANG_WARN_INT_CONVERSION = YES;
				CLANG_WARN_OBJC_ROOT_CLASS = YES_ERROR;
				CLANG_WARN_SUSPICIOUS_MOVE = YES;
				CLANG_WARN_UNREACHABLE_CODE = YES;
				CLANG_WARN__DUPLICATE_METHOD_MATCH = YES;
				"CODE_SIGN_IDENTITY[sdk=iphoneos*]" = "iPhone Developer";
				COPY_PHASE_STRIP = NO;
				DEBUG_INFORMATION_FORMAT = dwarf;
				ENABLE_STRICT_OBJC_MSGSEND = YES;
				ENABLE_TESTABILITY = YES;
				GCC_C_LANGUAGE_STANDARD = gnu99;
				GCC_DYNAMIC_NO_PIC = NO;
				GCC_NO_COMMON_BLOCKS = YES;
				GCC_OPTIMIZATION_LEVEL = 0;
				GCC_PREPROCESSOR_DEFINITIONS = (
					"DEBUG=1",
					"$(inherited)",
				);
				GCC_WARN_64_TO_32_BIT_CONVERSION = YES;
				GCC_WARN_ABOUT_RETURN_TYPE = YES_ERROR;
				GCC_WARN_UNDECLARED_SELECTOR = YES;
				GCC_WARN_UNINITIALIZED_AUTOS = YES_AGGRESSIVE;
				GCC_WARN_UNUSED_FUNCTION = YES;
				GCC_WARN_UNUSED_VARIABLE = YES;
				IPHONEOS_DEPLOYMENT_TARGET = 10.3;
				MTL_ENABLE_DEBUG_INFO = YES;
				ONLY_ACTIVE_ARCH = YES;
				SDKROOT = iphoneos;
				SWIFT_ACTIVE_COMPILATION_CONDITIONS = DEBUG;
				SWIFT_OPTIMIZATION_LEVEL = "-Onone";
				TARGETED_DEVICE_FAMILY = "1,2";
			};
			name = Debug;
		};
		C9B75B301F07DFFC00307944 /* Release */ = {
			isa = XCBuildConfiguration;
			buildSettings = {
				ALWAYS_SEARCH_USER_PATHS = NO;
				CLANG_ANALYZER_NONNULL = YES;
				CLANG_ANALYZER_NUMBER_OBJECT_CONVERSION = YES_AGGRESSIVE;
				CLANG_CXX_LANGUAGE_STANDARD = "gnu++0x";
				CLANG_CXX_LIBRARY = "libc++";
				CLANG_ENABLE_MODULES = YES;
				CLANG_ENABLE_OBJC_ARC = YES;
				CLANG_WARN_BOOL_CONVERSION = YES;
				CLANG_WARN_CONSTANT_CONVERSION = YES;
				CLANG_WARN_DIRECT_OBJC_ISA_USAGE = YES_ERROR;
				CLANG_WARN_DOCUMENTATION_COMMENTS = YES;
				CLANG_WARN_EMPTY_BODY = YES;
				CLANG_WARN_ENUM_CONVERSION = YES;
				CLANG_WARN_INFINITE_RECURSION = YES;
				CLANG_WARN_INT_CONVERSION = YES;
				CLANG_WARN_OBJC_ROOT_CLASS = YES_ERROR;
				CLANG_WARN_SUSPICIOUS_MOVE = YES;
				CLANG_WARN_UNREACHABLE_CODE = YES;
				CLANG_WARN__DUPLICATE_METHOD_MATCH = YES;
				"CODE_SIGN_IDENTITY[sdk=iphoneos*]" = "iPhone Developer";
				COPY_PHASE_STRIP = NO;
				DEBUG_INFORMATION_FORMAT = "dwarf-with-dsym";
				ENABLE_NS_ASSERTIONS = NO;
				ENABLE_STRICT_OBJC_MSGSEND = YES;
				GCC_C_LANGUAGE_STANDARD = gnu99;
				GCC_NO_COMMON_BLOCKS = YES;
				GCC_WARN_64_TO_32_BIT_CONVERSION = YES;
				GCC_WARN_ABOUT_RETURN_TYPE = YES_ERROR;
				GCC_WARN_UNDECLARED_SELECTOR = YES;
				GCC_WARN_UNINITIALIZED_AUTOS = YES_AGGRESSIVE;
				GCC_WARN_UNUSED_FUNCTION = YES;
				GCC_WARN_UNUSED_VARIABLE = YES;
				IPHONEOS_DEPLOYMENT_TARGET = 10.3;
				MTL_ENABLE_DEBUG_INFO = NO;
				SDKROOT = iphoneos;
				SWIFT_OPTIMIZATION_LEVEL = "-Owholemodule";
				TARGETED_DEVICE_FAMILY = "1,2";
				VALIDATE_PRODUCT = YES;
			};
			name = Release;
		};
		C9B75B321F07DFFC00307944 /* Debug */ = {
			isa = XCBuildConfiguration;
			buildSettings = {
				ASSETCATALOG_COMPILER_APPICON_NAME = AppIcon;
				INFOPLIST_FILE = YouTube/Info.plist;
				LD_RUNPATH_SEARCH_PATHS = "$(inherited) @executable_path/Frameworks";
				PRODUCT_BUNDLE_IDENTIFIER = com.bizersoft.YouTube;
				PRODUCT_NAME = "$(TARGET_NAME)";
				SWIFT_VERSION = 3.0;
			};
			name = Debug;
		};
		C9B75B331F07DFFC00307944 /* Release */ = {
			isa = XCBuildConfiguration;
			buildSettings = {
				ASSETCATALOG_COMPILER_APPICON_NAME = AppIcon;
				INFOPLIST_FILE = YouTube/Info.plist;
				LD_RUNPATH_SEARCH_PATHS = "$(inherited) @executable_path/Frameworks";
				PRODUCT_BUNDLE_IDENTIFIER = com.bizersoft.YouTube;
				PRODUCT_NAME = "$(TARGET_NAME)";
				SWIFT_VERSION = 3.0;
			};
			name = Release;
		};
/* End XCBuildConfiguration section */

/* Begin XCConfigurationList section */
		C9B75B1A1F07DFFC00307944 /* Build configuration list for PBXProject "YouTube" */ = {
			isa = XCConfigurationList;
			buildConfigurations = (
				C9B75B2F1F07DFFC00307944 /* Debug */,
				C9B75B301F07DFFC00307944 /* Release */,
			);
			defaultConfigurationIsVisible = 0;
			defaultConfigurationName = Release;
		};
		C9B75B311F07DFFC00307944 /* Build configuration list for PBXNativeTarget "YouTube" */ = {
			isa = XCConfigurationList;
			buildConfigurations = (
				C9B75B321F07DFFC00307944 /* Debug */,
				C9B75B331F07DFFC00307944 /* Release */,
			);
			defaultConfigurationIsVisible = 0;
			defaultConfigurationName = Release;
		};
/* End XCConfigurationList section */
	};
	rootObject = C9B75B171F07DFFC00307944 /* Project object */;
}
